
Microsoft Visual Studio Solution File, Format Version 12.00
# Visual Studio 15
VisualStudioVersion = 15.0.28010.2048
MinimumVisualStudioVersion = 10.0.40219.1
Project("{FAE04EC0-301F-11D3-BF4B-00C04F79EFBC}") = "DependencyInjectionConsole", "DependencyInjectionConsole\DependencyInjectionConsole.csproj", "{B190BF32-4F9C-46BA-B332-6411348CEC5B}"
EndProject
Global
	GlobalSection(SolutionConfigurationPlatforms) = preSolution
		Debug|Any CPU = Debug|Any CPU
		Release|Any CPU = Release|Any CPU
	EndGlobalSection
	GlobalSection(ProjectConfigurationPlatforms) = postSolution
		{B190BF32-4F9C-46BA-B332-6411348CEC5B}.Debug|Any CPU.ActiveCfg = Debug|Any CPU
		{B190BF32-4F9C-46BA-B332-6411348CEC5B}.Debug|Any CPU.Build.0 = Debug|Any CPU
		{B190BF32-4F9C-46BA-B332-6411348CEC5B}.Release|Any CPU.ActiveCfg = Release|Any CPU
		{B190BF32-4F9C-46BA-B332-6411348CEC5B}.Release|Any CPU.Build.0 = Release|Any CPU
	EndGlobalSection
	GlobalSection(SolutionProperties) = preSolution
		HideSolutionNode = FALSE
	EndGlobalSection
	GlobalSection(ExtensibilityGlobals) = postSolution
		SolutionGuid = {CDF978E2-C9A7-4C07-9559-AD917B7571CE}
	EndGlobalSection
EndGlobal
